
Microsoft Visual Studio Solution File, Format Version 12.00
# Visual Studio 15
VisualStudioVersion = 15.0.28307.1145
MinimumVisualStudioVersion = 10.0.40219.1
Project("{FAE04EC0-301F-11D3-BF4B-00C04F79EFBC}") = "WebServiceTutorial.Android", "WebServiceTutorial\WebServiceTutorial.Android\WebServiceTutorial.Android.csproj", "{E1A17FBE-DF42-4801-BD31-D75F30C53015}"
EndProject
Project("{FAE04EC0-301F-11D3-BF4B-00C04F79EFBC}") = "WebServiceTutorial.iOS", "WebServiceTutorial\WebServiceTutorial.iOS\WebServiceTutorial.iOS.csproj", "{C10CD61A-CA22-446A-9C8C-B7D4AA9185B5}"
EndProject
Project("{FAE04EC0-301F-11D3-BF4B-00C04F79EFBC}") = "WebServiceTutorial.UWP", "WebServiceTutorial\WebServiceTutorial.UWP\WebServiceTutorial.UWP.csproj", "{A15D93CD-5262-46A4-BFC3-F038D9FCFBBC}"
EndProject
Project("{FAE04EC0-301F-11D3-BF4B-00C04F79EFBC}") = "WebServiceTutorial", "WebServiceTutorial\WebServiceTutorial\WebServiceTutorial.csproj", "{C1D1A664-EF37-4F84-888F-8D555F39C189}"
EndProject
Global
	GlobalSection(SolutionConfigurationPlatforms) = preSolution
		Ad-Hoc|Any CPU = Ad-Hoc|Any CPU
		Ad-Hoc|ARM = Ad-Hoc|ARM
		Ad-Hoc|iPhone = Ad-Hoc|iPhone
		Ad-Hoc|iPhoneSimulator = Ad-Hoc|iPhoneSimulator
		Ad-Hoc|x64 = Ad-Hoc|x64
		Ad-Hoc|x86 = Ad-Hoc|x86
		AppStore|Any CPU = AppStore|Any CPU
		AppStore|ARM = AppStore|ARM
		AppStore|iPhone = AppStore|iPhone
		AppStore|iPhoneSimulator = AppStore|iPhoneSimulator
		AppStore|x64 = AppStore|x64
		AppStore|x86 = AppStore|x86
		Debug|Any CPU = Debug|Any CPU
		Debug|ARM = Debug|ARM
		Debug|iPhone = Debug|iPhone
		Debug|iPhoneSimulator = Debug|iPhoneSimulator
		Debug|x64 = Debug|x64
		Debug|x86 = Debug|x86
		Release|Any CPU = Release|Any CPU
		Release|ARM = Release|ARM
		Release|iPhone = Release|iPhone
		Release|iPhoneSimulator = Release|iPhoneSimulator
		Release|x64 = Release|x64
		Release|x86 = Release|x86
	EndGlobalSection
	GlobalSection(ProjectConfigurationPlatforms) = postSolution
		{E1A17FBE-DF42-4801-BD31-D75F30C53015}.Ad-Hoc|Any CPU.ActiveCfg = Release|Any CPU
		{E1A17FBE-DF42-4801-BD31-D75F30C53015}.Ad-Hoc|Any CPU.Build.0 = Release|Any CPU
		{E1A17FBE-DF42-4801-BD31-D75F30C53015}.Ad-Hoc|Any CPU.Deploy.0 = Release|Any CPU
		{E1A17FBE-DF42-4801-BD31-D75F30C53015}.Ad-Hoc|ARM.ActiveCfg = Release|Any CPU
		{E1A17FBE-DF42-4801-BD31-D75F30C53015}.Ad-Hoc|ARM.Build.0 = Release|Any CPU
		{E1A17FBE-DF42-4801-BD31-D75F30C53015}.Ad-Hoc|ARM.Deploy.0 = Release|Any CPU
		{E1A17FBE-DF42-4801-BD31-D75F30C53015}.Ad-Hoc|iPhone.ActiveCfg = Release|Any CPU
		{E1A17FBE-DF42-4801-BD31-D75F30C53015}.Ad-Hoc|iPhone.Build.0 = Release|Any CPU
		{E1A17FBE-DF42-4801-BD31-D75F30C53015}.Ad-Hoc|iPhone.Deploy.0 = Release|Any CPU
		{E1A17FBE-DF42-4801-BD31-D75F30C53015}.Ad-Hoc|iPhoneSimulator.ActiveCfg = Release|Any CPU
		{E1A17FBE-DF42-4801-BD31-D75F30C53015}.Ad-Hoc|iPhoneSimulator.Build.0 = Release|Any CPU
		{E1A17FBE-DF42-4801-BD31-D75F30C53015}.Ad-Hoc|iPhoneSimulator.Deploy.0 = Release|Any CPU
		{E1A17FBE-DF42-4801-BD31-D75F30C53015}.Ad-Hoc|x64.ActiveCfg = Release|Any CPU
		{E1A17FBE-DF42-4801-BD31-D75F30C53015}.Ad-Hoc|x64.Build.0 = Release|Any CPU
		{E1A17FBE-DF42-4801-BD31-D75F30C53015}.Ad-Hoc|x64.Deploy.0 = Release|Any CPU
		{E1A17FBE-DF42-4801-BD31-D75F30C53015}.Ad-Hoc|x86.ActiveCfg = Release|Any CPU
		{E1A17FBE-DF42-4801-BD31-D75F30C53015}.Ad-Hoc|x86.Build.0 = Release|Any CPU
		{E1A17FBE-DF42-4801-BD31-D75F30C53015}.Ad-Hoc|x86.Deploy.0 = Release|Any CPU
		{E1A17FBE-DF42-4801-BD31-D75F30C53015}.AppStore|Any CPU.ActiveCfg = Release|Any CPU
		{E1A17FBE-DF42-4801-BD31-D75F30C53015}.AppStore|Any CPU.Build.0 = Release|Any CPU
		{E1A17FBE-DF42-4801-BD31-D75F30C53015}.AppStore|Any CPU.Deploy.0 = Release|Any CPU
		{E1A17FBE-DF42-4801-BD31-D75F30C53015}.AppStore|ARM.ActiveCfg = Release|Any CPU
		{E1A17FBE-DF42-4801-BD31-D75F30C53015}.AppStore|ARM.Build.0 = Release|Any CPU
		{E1A17FBE-DF42-4801-BD31-D75F30C53015}.AppStore|ARM.Deploy.0 = Release|Any CPU
		{E1A17FBE-DF42-4801-BD31-D75F30C53015}.AppStore|iPhone.ActiveCfg = Release|Any CPU
		{E1A17FBE-DF42-4801-BD31-D75F30C53015}.AppStore|iPhone.Build.0 = Release|Any CPU
		{E1A17FBE-DF42-4801-BD31-D75F30C53015}.AppStore|iPhone.Deploy.0 = Release|Any CPU
		{E1A17FBE-DF42-4801-BD31-D75F30C53015}.AppStore|iPhoneSimulator.ActiveCfg = Release|Any CPU
		{E1A17FBE-DF42-4801-BD31-D75F30C53015}.AppStore|iPhoneSimulator.Build.0 = Release|Any CPU
		{E1A17FBE-DF42-4801-BD31-D75F30C53015}.AppStore|iPhoneSimulator.Deploy.0 = Release|Any CPU
		{E1A17FBE-DF42-4801-BD31-D75F30C53015}.AppStore|x64.ActiveCfg = Release|Any CPU
		{E1A17FBE-DF42-4801-BD31-D75F30C53015}.AppStore|x64.Build.0 = Release|Any CPU
		{E1A17FBE-DF42-4801-BD31-D75F30C53015}.AppStore|x64.Deploy.0 = Release|Any CPU
		{E1A17FBE-DF42-4801-BD31-D75F30C53015}.AppStore|x86.ActiveCfg = Release|Any CPU
		{E1A17FBE-DF42-4801-BD31-D75F30C53015}.AppStore|x86.Build.0 = Release|Any CPU
		{E1A17FBE-DF42-4801-BD31-D75F30C53015}.AppStore|x86.Deploy.0 = Release|Any CPU
		{E1A17FBE-DF42-4801-BD31-D75F30C53015}.Debug|Any CPU.ActiveCfg = Debug|Any CPU
		{E1A17FBE-DF42-4801-BD31-D75F30C53015}.Debug|Any CPU.Build.0 = Debug|Any CPU
		{E1A17FBE-DF42-4801-BD31-D75F30C53015}.Debug|ARM.ActiveCfg = Debug|Any CPU
		{E1A17FBE-DF42-4801-BD31-D75F30C53015}.Debug|ARM.Build.0 = Debug|Any CPU
		{E1A17FBE-DF42-4801-BD31-D75F30C53015}.Debug|ARM.Deploy.0 = Debug|Any CPU
		{E1A17FBE-DF42-4801-BD31-D75F30C53015}.Debug|iPhone.ActiveCfg = Debug|Any CPU
		{E1A17FBE-DF42-4801-BD31-D75F30C53015}.Debug|iPhone.Build.0 = Debug|Any CPU
		{E1A17FBE-DF42-4801-BD31-D75F30C53015}.Debug|iPhone.Deploy.0 = Debug|Any CPU
		{E1A17FBE-DF42-4801-BD31-D75F30C53015}.Debug|iPhoneSimulator.ActiveCfg = Debug|Any CPU
		{E1A17FBE-DF42-4801-BD31-D75F30C53015}.Debug|iPhoneSimulator.Build.0 = Debug|Any CPU
		{E1A17FBE-DF42-4801-BD31-D75F30C53015}.Debug|iPhoneSimulator.Deploy.0 = Debug|Any CPU
		{E1A17FBE-DF42-4801-BD31-D75F30C53015}.Debug|x64.ActiveCfg = Debug|Any CPU
		{E1A17FBE-DF42-4801-BD31-D75F30C53015}.Debug|x64.Build.0 = Debug|Any CPU
		{E1A17FBE-DF42-4801-BD31-D75F30C53015}.Debug|x64.Deploy.0 = Debug|Any CPU
		{E1A17FBE-DF42-4801-BD31-D75F30C53015}.Debug|x86.ActiveCfg = Debug|Any CPU
		{E1A17FBE-DF42-4801-BD31-D75F30C53015}.Debug|x86.Build.0 = Debug|Any CPU
		{E1A17FBE-DF42-4801-BD31-D75F30C53015}.Debug|x86.Deploy.0 = Debug|Any CPU
		{E1A17FBE-DF42-4801-BD31-D75F30C53015}.Release|Any CPU.ActiveCfg = Release|Any CPU
		{E1A17FBE-DF42-4801-BD31-D75F30C53015}.Release|Any CPU.Build.0 = Release|Any CPU
		{E1A17FBE-DF42-4801-BD31-D75F30C53015}.Release|Any CPU.Deploy.0 = Release|Any CPU
		{E1A17FBE-DF42-4801-BD31-D75F30C53015}.Release|ARM.ActiveCfg = Release|Any CPU
		{E1A17FBE-DF42-4801-BD31-D75F30C53015}.Release|ARM.Build.0 = Release|Any CPU
		{E1A17FBE-DF42-4801-BD31-D75F30C53015}.Release|ARM.Deploy.0 = Release|Any CPU
		{E1A17FBE-DF42-4801-BD31-D75F30C53015}.Release|iPhone.ActiveCfg = Release|Any CPU
		{E1A17FBE-DF42-4801-BD31-D75F30C53015}.Release|iPhone.Build.0 = Release|Any CPU
		{E1A17FBE-DF42-4801-BD31-D75F30C53015}.Release|iPhone.Deploy.0 = Release|Any CPU
		{E1A17FBE-DF42-4801-BD31-D75F30C53015}.Release|iPhoneSimulator.ActiveCfg = Release|Any CPU
		{E1A17FBE-DF42-4801-BD31-D75F30C53015}.Release|iPhoneSimulator.Build.0 = Release|Any CPU
		{E1A17FBE-DF42-4801-BD31-D75F30C53015}.Release|iPhoneSimulator.Deploy.0 = Release|Any CPU
		{E1A17FBE-DF42-4801-BD31-D75F30C53015}.Release|x64.ActiveCfg = Release|Any CPU
		{E1A17FBE-DF42-4801-BD31-D75F30C53015}.Release|x64.Build.0 = Release|Any CPU
		{E1A17FBE-DF42-4801-BD31-D75F30C53015}.Release|x64.Deploy.0 = Release|Any CPU
		{E1A17FBE-DF42-4801-BD31-D75F30C53015}.Release|x86.ActiveCfg = Release|Any CPU
		{E1A17FBE-DF42-4801-BD31-D75F30C53015}.Release|x86.Build.0 = Release|Any CPU
		{E1A17FBE-DF42-4801-BD31-D75F30C53015}.Release|x86.Deploy.0 = Release|Any CPU
		{C10CD61A-CA22-446A-9C8C-B7D4AA9185B5}.Ad-Hoc|Any CPU.ActiveCfg = Ad-Hoc|iPhone
		{C10CD61A-CA22-446A-9C8C-B7D4AA9185B5}.Ad-Hoc|Any CPU.Build.0 = Ad-Hoc|iPhone
		{C10CD61A-CA22-446A-9C8C-B7D4AA9185B5}.Ad-Hoc|Any CPU.Deploy.0 = Ad-Hoc|iPhone
		{C10CD61A-CA22-446A-9C8C-B7D4AA9185B5}.Ad-Hoc|ARM.ActiveCfg = Ad-Hoc|iPhone
		{C10CD61A-CA22-446A-9C8C-B7D4AA9185B5}.Ad-Hoc|ARM.Build.0 = Ad-Hoc|iPhone
		{C10CD61A-CA22-446A-9C8C-B7D4AA9185B5}.Ad-Hoc|ARM.Deploy.0 = Ad-Hoc|iPhone
		{C10CD61A-CA22-446A-9C8C-B7D4AA9185B5}.Ad-Hoc|iPhone.ActiveCfg = Ad-Hoc|iPhone
		{C10CD61A-CA22-446A-9C8C-B7D4AA9185B5}.Ad-Hoc|iPhone.Build.0 = Ad-Hoc|iPhone
		{C10CD61A-CA22-446A-9C8C-B7D4AA9185B5}.Ad-Hoc|iPhone.Deploy.0 = Ad-Hoc|iPhone
		{C10CD61A-CA22-446A-9C8C-B7D4AA9185B5}.Ad-Hoc|iPhoneSimulator.ActiveCfg = Ad-Hoc|iPhoneSimulator
		{C10CD61A-CA22-446A-9C8C-B7D4AA9185B5}.Ad-Hoc|iPhoneSimulator.Build.0 = Ad-Hoc|iPhoneSimulator
		{C10CD61A-CA22-446A-9C8C-B7D4AA9185B5}.Ad-Hoc|iPhoneSimulator.Deploy.0 = Ad-Hoc|iPhoneSimulator
		{C10CD61A-CA22-446A-9C8C-B7D4AA9185B5}.Ad-Hoc|x64.ActiveCfg = Ad-Hoc|iPhone
		{C10CD61A-CA22-446A-9C8C-B7D4AA9185B5}.Ad-Hoc|x64.Build.0 = Ad-Hoc|iPhone
		{C10CD61A-CA22-446A-9C8C-B7D4AA9185B5}.Ad-Hoc|x64.Deploy.0 = Ad-Hoc|iPhone
		{C10CD61A-CA22-446A-9C8C-B7D4AA9185B5}.Ad-Hoc|x86.ActiveCfg = Ad-Hoc|iPhone
		{C10CD61A-CA22-446A-9C8C-B7D4AA9185B5}.Ad-Hoc|x86.Build.0 = Ad-Hoc|iPhone
		{C10CD61A-CA22-446A-9C8C-B7D4AA9185B5}.Ad-Hoc|x86.Deploy.0 = Ad-Hoc|iPhone
		{C10CD61A-CA22-446A-9C8C-B7D4AA9185B5}.AppStore|Any CPU.ActiveCfg = AppStore|iPhone
		{C10CD61A-CA22-446A-9C8C-B7D4AA9185B5}.AppStore|Any CPU.Build.0 = AppStore|iPhone
		{C10CD61A-CA22-446A-9C8C-B7D4AA9185B5}.AppStore|Any CPU.Deploy.0 = AppStore|iPhone
		{C10CD61A-CA22-446A-9C8C-B7D4AA9185B5}.AppStore|ARM.ActiveCfg = AppStore|iPhone
		{C10CD61A-CA22-446A-9C8C-B7D4AA9185B5}.AppStore|ARM.Build.0 = AppStore|iPhone
		{C10CD61A-CA22-446A-9C8C-B7D4AA9185B5}.AppStore|ARM.Deploy.0 = AppStore|iPhone
		{C10CD61A-CA22-446A-9C8C-B7D4AA9185B5}.AppStore|iPhone.ActiveCfg = AppStore|iPhone
		{C10CD61A-CA22-446A-9C8C-B7D4AA9185B5}.AppStore|iPhone.Build.0 = AppStore|iPhone
		{C10CD61A-CA22-446A-9C8C-B7D4AA9185B5}.AppStore|iPhone.Deploy.0 = AppStore|iPhone
		{C10CD61A-CA22-446A-9C8C-B7D4AA9185B5}.AppStore|iPhoneSimulator.ActiveCfg = AppStore|iPhoneSimulator
		{C10CD61A-CA22-446A-9C8C-B7D4AA9185B5}.AppStore|iPhoneSimulator.Build.0 = AppStore|iPhoneSimulator
		{C10CD61A-CA22-446A-9C8C-B7D4AA9185B5}.AppStore|iPhoneSimulator.Deploy.0 = AppStore|iPhoneSimulator
		{C10CD61A-CA22-446A-9C8C-B7D4AA9185B5}.AppStore|x64.ActiveCfg = AppStore|iPhone
		{C10CD61A-CA22-446A-9C8C-B7D4AA9185B5}.AppStore|x64.Build.0 = AppStore|iPhone
		{C10CD61A-CA22-446A-9C8C-B7D4AA9185B5}.AppStore|x64.Deploy.0 = AppStore|iPhone
		{C10CD61A-CA22-446A-9C8C-B7D4AA9185B5}.AppStore|x86.ActiveCfg = AppStore|iPhone
		{C10CD61A-CA22-446A-9C8C-B7D4AA9185B5}.AppStore|x86.Build.0 = AppStore|iPhone
		{C10CD61A-CA22-446A-9C8C-B7D4AA9185B5}.AppStore|x86.Deploy.0 = AppStore|iPhone
		{C10CD61A-CA22-446A-9C8C-B7D4AA9185B5}.Debug|Any CPU.ActiveCfg = Debug|iPhoneSimulator
		{C10CD61A-CA22-446A-9C8C-B7D4AA9185B5}.Debug|Any CPU.Build.0 = Debug|iPhoneSimulator
		{C10CD61A-CA22-446A-9C8C-B7D4AA9185B5}.Debug|Any CPU.Deploy.0 = Debug|iPhoneSimulator
		{C10CD61A-CA22-446A-9C8C-B7D4AA9185B5}.Debug|ARM.ActiveCfg = Debug|iPhone
		{C10CD61A-CA22-446A-9C8C-B7D4AA9185B5}.Debug|ARM.Build.0 = Debug|iPhone
		{C10CD61A-CA22-446A-9C8C-B7D4AA9185B5}.Debug|ARM.Deploy.0 = Debug|iPhone
		{C10CD61A-CA22-446A-9C8C-B7D4AA9185B5}.Debug|iPhone.ActiveCfg = Debug|iPhone
		{C10CD61A-CA22-446A-9C8C-B7D4AA9185B5}.Debug|iPhone.Build.0 = Debug|iPhone
		{C10CD61A-CA22-446A-9C8C-B7D4AA9185B5}.Debug|iPhone.Deploy.0 = Debug|iPhone
		{C10CD61A-CA22-446A-9C8C-B7D4AA9185B5}.Debug|iPhoneSimulator.ActiveCfg = Debug|iPhoneSimulator
		{C10CD61A-CA22-446A-9C8C-B7D4AA9185B5}.Debug|iPhoneSimulator.Build.0 = Debug|iPhoneSimulator
		{C10CD61A-CA22-446A-9C8C-B7D4AA9185B5}.Debug|iPhoneSimulator.Deploy.0 = Debug|iPhoneSimulator
		{C10CD61A-CA22-446A-9C8C-B7D4AA9185B5}.Debug|x64.ActiveCfg = Debug|iPhone
		{C10CD61A-CA22-446A-9C8C-B7D4AA9185B5}.Debug|x64.Build.0 = Debug|iPhone
		{C10CD61A-CA22-446A-9C8C-B7D4AA9185B5}.Debug|x64.Deploy.0 = Debug|iPhone
		{C10CD61A-CA22-446A-9C8C-B7D4AA9185B5}.Debug|x86.ActiveCfg = Debug|iPhone
		{C10CD61A-CA22-446A-9C8C-B7D4AA9185B5}.Debug|x86.Build.0 = Debug|iPhone
		{C10CD61A-CA22-446A-9C8C-B7D4AA9185B5}.Debug|x86.Deploy.0 = Debug|iPhone
		{C10CD61A-CA22-446A-9C8C-B7D4AA9185B5}.Release|Any CPU.ActiveCfg = Release|iPhone
		{C10CD61A-CA22-446A-9C8C-B7D4AA9185B5}.Release|Any CPU.Build.0 = Release|iPhone
		{C10CD61A-CA22-446A-9C8C-B7D4AA9185B5}.Release|Any CPU.Deploy.0 = Release|iPhone
		{C10CD61A-CA22-446A-9C8C-B7D4AA9185B5}.Release|ARM.ActiveCfg = Release|iPhone
		{C10CD61A-CA22-446A-9C8C-B7D4AA9185B5}.Release|ARM.Build.0 = Release|iPhone
		{C10CD61A-CA22-446A-9C8C-B7D4AA9185B5}.Release|ARM.Deploy.0 = Release|iPhone
		{C10CD61A-CA22-446A-9C8C-B7D4AA9185B5}.Release|iPhone.ActiveCfg = Release|iPhone
		{C10CD61A-CA22-446A-9C8C-B7D4AA9185B5}.Release|iPhone.Build.0 = Release|iPhone
		{C10CD61A-CA22-446A-9C8C-B7D4AA9185B5}.Release|iPhone.Deploy.0 = Release|iPhone
		{C10CD61A-CA22-446A-9C8C-B7D4AA9185B5}.Release|iPhoneSimulator.ActiveCfg = Release|iPhoneSimulator
		{C10CD61A-CA22-446A-9C8C-B7D4AA9185B5}.Release|iPhoneSimulator.Build.0 = Release|iPhoneSimulator
		{C10CD61A-CA22-446A-9C8C-B7D4AA9185B5}.Release|iPhoneSimulator.Deploy.0 = Release|iPhoneSimulator
		{C10CD61A-CA22-446A-9C8C-B7D4AA9185B5}.Release|x64.ActiveCfg = Release|iPhone
		{C10CD61A-CA22-446A-9C8C-B7D4AA9185B5}.Release|x64.Build.0 = Release|iPhone
		{C10CD61A-CA22-446A-9C8C-B7D4AA9185B5}.Release|x64.Deploy.0 = Release|iPhone
		{C10CD61A-CA22-446A-9C8C-B7D4AA9185B5}.Release|x86.ActiveCfg = Release|iPhone
		{C10CD61A-CA22-446A-9C8C-B7D4AA9185B5}.Release|x86.Build.0 = Release|iPhone
		{C10CD61A-CA22-446A-9C8C-B7D4AA9185B5}.Release|x86.Deploy.0 = Release|iPhone
		{A15D93CD-5262-46A4-BFC3-F038D9FCFBBC}.Ad-Hoc|Any CPU.ActiveCfg = Release|x86
		{A15D93CD-5262-46A4-BFC3-F038D9FCFBBC}.Ad-Hoc|Any CPU.Build.0 = Release|x86
		{A15D93CD-5262-46A4-BFC3-F038D9FCFBBC}.Ad-Hoc|Any CPU.Deploy.0 = Release|x86
		{A15D93CD-5262-46A4-BFC3-F038D9FCFBBC}.Ad-Hoc|ARM.ActiveCfg = Release|ARM
		{A15D93CD-5262-46A4-BFC3-F038D9FCFBBC}.Ad-Hoc|ARM.Build.0 = Release|ARM
		{A15D93CD-5262-46A4-BFC3-F038D9FCFBBC}.Ad-Hoc|ARM.Deploy.0 = Release|ARM
		{A15D93CD-5262-46A4-BFC3-F038D9FCFBBC}.Ad-Hoc|iPhone.ActiveCfg = Release|x86
		{A15D93CD-5262-46A4-BFC3-F038D9FCFBBC}.Ad-Hoc|iPhone.Build.0 = Release|x86
		{A15D93CD-5262-46A4-BFC3-F038D9FCFBBC}.Ad-Hoc|iPhone.Deploy.0 = Release|x86
		{A15D93CD-5262-46A4-BFC3-F038D9FCFBBC}.Ad-Hoc|iPhoneSimulator.ActiveCfg = Release|x86
		{A15D93CD-5262-46A4-BFC3-F038D9FCFBBC}.Ad-Hoc|iPhoneSimulator.Build.0 = Release|x86
		{A15D93CD-5262-46A4-BFC3-F038D9FCFBBC}.Ad-Hoc|iPhoneSimulator.Deploy.0 = Release|x86
		{A15D93CD-5262-46A4-BFC3-F038D9FCFBBC}.Ad-Hoc|x64.ActiveCfg = Release|x64
		{A15D93CD-5262-46A4-BFC3-F038D9FCFBBC}.Ad-Hoc|x64.Build.0 = Release|x64
		{A15D93CD-5262-46A4-BFC3-F038D9FCFBBC}.Ad-Hoc|x64.Deploy.0 = Release|x64
		{A15D93CD-5262-46A4-BFC3-F038D9FCFBBC}.Ad-Hoc|x86.ActiveCfg = Release|x86
		{A15D93CD-5262-46A4-BFC3-F038D9FCFBBC}.Ad-Hoc|x86.Build.0 = Release|x86
		{A15D93CD-5262-46A4-BFC3-F038D9FCFBBC}.Ad-Hoc|x86.Deploy.0 = Release|x86
		{A15D93CD-5262-46A4-BFC3-F038D9FCFBBC}.AppStore|Any CPU.ActiveCfg = Release|x86
		{A15D93CD-5262-46A4-BFC3-F038D9FCFBBC}.AppStore|Any CPU.Build.0 = Release|x86
		{A15D93CD-5262-46A4-BFC3-F038D9FCFBBC}.AppStore|Any CPU.Deploy.0 = Release|x86
		{A15D93CD-5262-46A4-BFC3-F038D9FCFBBC}.AppStore|ARM.ActiveCfg = Release|ARM
		{A15D93CD-5262-46A4-BFC3-F038D9FCFBBC}.AppStore|ARM.Build.0 = Release|ARM
		{A15D93CD-5262-46A4-BFC3-F038D9FCFBBC}.AppStore|ARM.Deploy.0 = Release|ARM
		{A15D93CD-5262-46A4-BFC3-F038D9FCFBBC}.AppStore|iPhone.ActiveCfg = Release|x86
		{A15D93CD-5262-46A4-BFC3-F038D9FCFBBC}.AppStore|iPhone.Build.0 = Release|x86
		{A15D93CD-5262-46A4-BFC3-F038D9FCFBBC}.AppStore|iPhone.Deploy.0 = Release|x86
		{A15D93CD-5262-46A4-BFC3-F038D9FCFBBC}.AppStore|iPhoneSimulator.ActiveCfg = Release|x86
		{A15D93CD-5262-46A4-BFC3-F038D9FCFBBC}.AppStore|iPhoneSimulator.Build.0 = Release|x86
		{A15D93CD-5262-46A4-BFC3-F038D9FCFBBC}.AppStore|iPhoneSimulator.Deploy.0 = Release|x86
		{A15D93CD-5262-46A4-BFC3-F038D9FCFBBC}.AppStore|x64.ActiveCfg = Release|x64
		{A15D93CD-5262-46A4-BFC3-F038D9FCFBBC}.AppStore|x64.Build.0 = Release|x64
		{A15D93CD-5262-46A4-BFC3-F038D9FCFBBC}.AppStore|x64.Deploy.0 = Release|x64
		{A15D93CD-5262-46A4-BFC3-F038D9FCFBBC}.AppStore|x86.ActiveCfg = Release|x86
		{A15D93CD-5262-46A4-BFC3-F038D9FCFBBC}.AppStore|x86.Build.0 = Release|x86
		{A15D93CD-5262-46A4-BFC3-F038D9FCFBBC}.AppStore|x86.Deploy.0 = Release|x86
		{A15D93CD-5262-46A4-BFC3-F038D9FCFBBC}.Debug|Any CPU.ActiveCfg = Debug|x86
		{A15D93CD-5262-46A4-BFC3-F038D9FCFBBC}.Debug|Any CPU.Build.0 = Debug|x86
		{A15D93CD-5262-46A4-BFC3-F038D9FCFBBC}.Debug|ARM.ActiveCfg = Debug|ARM
		{A15D93CD-5262-46A4-BFC3-F038D9FCFBBC}.Debug|ARM.Build.0 = Debug|ARM
		{A15D93CD-5262-46A4-BFC3-F038D9FCFBBC}.Debug|ARM.Deploy.0 = Debug|ARM
		{A15D93CD-5262-46A4-BFC3-F038D9FCFBBC}.Debug|iPhone.ActiveCfg = Debug|x86
		{A15D93CD-5262-46A4-BFC3-F038D9FCFBBC}.Debug|iPhone.Build.0 = Debug|x86
		{A15D93CD-5262-46A4-BFC3-F038D9FCFBBC}.Debug|iPhone.Deploy.0 = Debug|x86
		{A15D93CD-5262-46A4-BFC3-F038D9FCFBBC}.Debug|iPhoneSimulator.ActiveCfg = Debug|x86
		{A15D93CD-5262-46A4-BFC3-F038D9FCFBBC}.Debug|iPhoneSimulator.Build.0 = Debug|x86
		{A15D93CD-5262-46A4-BFC3-F038D9FCFBBC}.Debug|iPhoneSimulator.Deploy.0 = Debug|x86
		{A15D93CD-5262-46A4-BFC3-F038D9FCFBBC}.Debug|x64.ActiveCfg = Debug|x64
		{A15D93CD-5262-46A4-BFC3-F038D9FCFBBC}.Debug|x64.Build.0 = Debug|x64
		{A15D93CD-5262-46A4-BFC3-F038D9FCFBBC}.Debug|x64.Deploy.0 = Debug|x64
		{A15D93CD-5262-46A4-BFC3-F038D9FCFBBC}.Debug|x86.ActiveCfg = Debug|x86
		{A15D93CD-5262-46A4-BFC3-F038D9FCFBBC}.Debug|x86.Build.0 = Debug|x86
		{A15D93CD-5262-46A4-BFC3-F038D9FCFBBC}.Debug|x86.Deploy.0 = Debug|x86
		{A15D93CD-5262-46A4-BFC3-F038D9FCFBBC}.Release|Any CPU.ActiveCfg = Release|x86
		{A15D93CD-5262-46A4-BFC3-F038D9FCFBBC}.Release|Any CPU.Build.0 = Release|x86
		{A15D93CD-5262-46A4-BFC3-F038D9FCFBBC}.Release|Any CPU.Deploy.0 = Release|x86
		{A15D93CD-5262-46A4-BFC3-F038D9FCFBBC}.Release|ARM.ActiveCfg = Release|ARM
		{A15D93CD-5262-46A4-BFC3-F038D9FCFBBC}.Release|ARM.Build.0 = Release|ARM
		{A15D93CD-5262-46A4-BFC3-F038D9FCFBBC}.Release|ARM.Deploy.0 = Release|ARM
		{A15D93CD-5262-46A4-BFC3-F038D9FCFBBC}.Release|iPhone.ActiveCfg = Release|x86
		{A15D93CD-5262-46A4-BFC3-F038D9FCFBBC}.Release|iPhone.Build.0 = Release|x86
		{A15D93CD-5262-46A4-BFC3-F038D9FCFBBC}.Release|iPhone.Deploy.0 = Release|x86
		{A15D93CD-5262-46A4-BFC3-F038D9FCFBBC}.Release|iPhoneSimulator.ActiveCfg = Release|x86
		{A15D93CD-5262-46A4-BFC3-F038D9FCFBBC}.Release|iPhoneSimulator.Build.0 = Release|x86
		{A15D93CD-5262-46A4-BFC3-F038D9FCFBBC}.Release|iPhoneSimulator.Deploy.0 = Release|x86
		{A15D93CD-5262-46A4-BFC3-F038D9FCFBBC}.Release|x64.ActiveCfg = Release|x64
		{A15D93CD-5262-46A4-BFC3-F038D9FCFBBC}.Release|x64.Build.0 = Release|x64
		{A15D93CD-5262-46A4-BFC3-F038D9FCFBBC}.Release|x64.Deploy.0 = Release|x64
		{A15D93CD-5262-46A4-BFC3-F038D9FCFBBC}.Release|x86.ActiveCfg = Release|x86
		{A15D93CD-5262-46A4-BFC3-F038D9FCFBBC}.Release|x86.Build.0 = Release|x86
		{A15D93CD-5262-46A4-BFC3-F038D9FCFBBC}.Release|x86.Deploy.0 = Release|x86
		{C1D1A664-EF37-4F84-888F-8D555F39C189}.Ad-Hoc|Any CPU.ActiveCfg = Debug|Any CPU
		{C1D1A664-EF37-4F84-888F-8D555F39C189}.Ad-Hoc|Any CPU.Build.0 = Debug|Any CPU
		{C1D1A664-EF37-4F84-888F-8D555F39C189}.Ad-Hoc|Any CPU.Deploy.0 = Debug|Any CPU
		{C1D1A664-EF37-4F84-888F-8D555F39C189}.Ad-Hoc|ARM.ActiveCfg = Debug|Any CPU
		{C1D1A664-EF37-4F84-888F-8D555F39C189}.Ad-Hoc|ARM.Build.0 = Debug|Any CPU
		{C1D1A664-EF37-4F84-888F-8D555F39C189}.Ad-Hoc|ARM.Deploy.0 = Debug|Any CPU
		{C1D1A664-EF37-4F84-888F-8D555F39C189}.Ad-Hoc|iPhone.ActiveCfg = Debug|Any CPU
		{C1D1A664-EF37-4F84-888F-8D555F39C189}.Ad-Hoc|iPhone.Build.0 = Debug|Any CPU
		{C1D1A664-EF37-4F84-888F-8D555F39C189}.Ad-Hoc|iPhone.Deploy.0 = Debug|Any CPU
		{C1D1A664-EF37-4F84-888F-8D555F39C189}.Ad-Hoc|iPhoneSimulator.ActiveCfg = Debug|Any CPU
		{C1D1A664-EF37-4F84-888F-8D555F39C189}.Ad-Hoc|iPhoneSimulator.Build.0 = Debug|Any CPU
		{C1D1A664-EF37-4F84-888F-8D555F39C189}.Ad-Hoc|iPhoneSimulator.Deploy.0 = Debug|Any CPU
		{C1D1A664-EF37-4F84-888F-8D555F39C189}.Ad-Hoc|x64.ActiveCfg = Debug|Any CPU
		{C1D1A664-EF37-4F84-888F-8D555F39C189}.Ad-Hoc|x64.Build.0 = Debug|Any CPU
		{C1D1A664-EF37-4F84-888F-8D555F39C189}.Ad-Hoc|x64.Deploy.0 = Debug|Any CPU
		{C1D1A664-EF37-4F84-888F-8D555F39C189}.Ad-Hoc|x86.ActiveCfg = Debug|Any CPU
		{C1D1A664-EF37-4F84-888F-8D555F39C189}.Ad-Hoc|x86.Build.0 = Debug|Any CPU
		{C1D1A664-EF37-4F84-888F-8D555F39C189}.Ad-Hoc|x86.Deploy.0 = Debug|Any CPU
		{C1D1A664-EF37-4F84-888F-8D555F39C189}.AppStore|Any CPU.ActiveCfg = Debug|Any CPU
		{C1D1A664-EF37-4F84-888F-8D555F39C189}.AppStore|Any CPU.Build.0 = Debug|Any CPU
		{C1D1A664-EF37-4F84-888F-8D555F39C189}.AppStore|Any CPU.Deploy.0 = Debug|Any CPU
		{C1D1A664-EF37-4F84-888F-8D555F39C189}.AppStore|ARM.ActiveCfg = Debug|Any CPU
		{C1D1A664-EF37-4F84-888F-8D555F39C189}.AppStore|ARM.Build.0 = Debug|Any CPU
		{C1D1A664-EF37-4F84-888F-8D555F39C189}.AppStore|ARM.Deploy.0 = Debug|Any CPU
		{C1D1A664-EF37-4F84-888F-8D555F39C189}.AppStore|iPhone.ActiveCfg = Debug|Any CPU
		{C1D1A664-EF37-4F84-888F-8D555F39C189}.AppStore|iPhone.Build.0 = Debug|Any CPU
		{C1D1A664-EF37-4F84-888F-8D555F39C189}.AppStore|iPhone.Deploy.0 = Debug|Any CPU
		{C1D1A664-EF37-4F84-888F-8D555F39C189}.AppStore|iPhoneSimulator.ActiveCfg = Debug|Any CPU
		{C1D1A664-EF37-4F84-888F-8D555F39C189}.AppStore|iPhoneSimulator.Build.0 = Debug|Any CPU
		{C1D1A664-EF37-4F84-888F-8D555F39C189}.AppStore|iPhoneSimulator.Deploy.0 = Debug|Any CPU
		{C1D1A664-EF37-4F84-888F-8D555F39C189}.AppStore|x64.ActiveCfg = Debug|Any CPU
		{C1D1A664-EF37-4F84-888F-8D555F39C189}.AppStore|x64.Build.0 = Debug|Any CPU
		{C1D1A664-EF37-4F84-888F-8D555F39C189}.AppStore|x64.Deploy.0 = Debug|Any CPU
		{C1D1A664-EF37-4F84-888F-8D555F39C189}.AppStore|x86.ActiveCfg = Debug|Any CPU
		{C1D1A664-EF37-4F84-888F-8D555F39C189}.AppStore|x86.Build.0 = Debug|Any CPU
		{C1D1A664-EF37-4F84-888F-8D555F39C189}.AppStore|x86.Deploy.0 = Debug|Any CPU
		{C1D1A664-EF37-4F84-888F-8D555F39C189}.Debug|Any CPU.ActiveCfg = Debug|Any CPU
		{C1D1A664-EF37-4F84-888F-8D555F39C189}.Debug|Any CPU.Build.0 = Debug|Any CPU
		{C1D1A664-EF37-4F84-888F-8D555F39C189}.Debug|Any CPU.Deploy.0 = Debug|Any CPU
		{C1D1A664-EF37-4F84-888F-8D555F39C189}.Debug|ARM.ActiveCfg = Debug|Any CPU
		{C1D1A664-EF37-4F84-888F-8D555F39C189}.Debug|ARM.Build.0 = Debug|Any CPU
		{C1D1A664-EF37-4F84-888F-8D555F39C189}.Debug|ARM.Deploy.0 = Debug|Any CPU
		{C1D1A664-EF37-4F84-888F-8D555F39C189}.Debug|iPhone.ActiveCfg = Debug|Any CPU
		{C1D1A664-EF37-4F84-888F-8D555F39C189}.Debug|iPhone.Build.0 = Debug|Any CPU
		{C1D1A664-EF37-4F84-888F-8D555F39C189}.Debug|iPhone.Deploy.0 = Debug|Any CPU
		{C1D1A664-EF37-4F84-888F-8D555F39C189}.Debug|iPhoneSimulator.ActiveCfg = Debug|Any CPU
		{C1D1A664-EF37-4F84-888F-8D555F39C189}.Debug|iPhoneSimulator.Build.0 = Debug|Any CPU
		{C1D1A664-EF37-4F84-888F-8D555F39C189}.Debug|iPhoneSimulator.Deploy.0 = Debug|Any CPU
		{C1D1A664-EF37-4F84-888F-8D555F39C189}.Debug|x64.ActiveCfg = Debug|Any CPU
		{C1D1A664-EF37-4F84-888F-8D555F39C189}.Debug|x64.Build.0 = Debug|Any CPU
		{C1D1A664-EF37-4F84-888F-8D555F39C189}.Debug|x64.Deploy.0 = Debug|Any CPU
		{C1D1A664-EF37-4F84-888F-8D555F39C189}.Debug|x86.ActiveCfg = Debug|Any CPU
		{C1D1A664-EF37-4F84-888F-8D555F39C189}.Debug|x86.Build.0 = Debug|Any CPU
		{C1D1A664-EF37-4F84-888F-8D555F39C189}.Debug|x86.Deploy.0 = Debug|Any CPU
		{C1D1A664-EF37-4F84-888F-8D555F39C189}.Release|Any CPU.ActiveCfg = Release|Any CPU
		{C1D1A664-EF37-4F84-888F-8D555F39C189}.Release|Any CPU.Build.0 = Release|Any CPU
		{C1D1A664-EF37-4F84-888F-8D555F39C189}.Release|Any CPU.Deploy.0 = Release|Any CPU
		{C1D1A664-EF37-4F84-888F-8D555F39C189}.Release|ARM.ActiveCfg = Release|Any CPU
		{C1D1A664-EF37-4F84-888F-8D555F39C189}.Release|ARM.Build.0 = Release|Any CPU
		{C1D1A664-EF37-4F84-888F-8D555F39C189}.Release|ARM.Deploy.0 = Release|Any CPU
		{C1D1A664-EF37-4F84-888F-8D555F39C189}.Release|iPhone.ActiveCfg = Release|Any CPU
		{C1D1A664-EF37-4F84-888F-8D555F39C189}.Release|iPhone.Build.0 = Release|Any CPU
		{C1D1A664-EF37-4F84-888F-8D555F39C189}.Release|iPhone.Deploy.0 = Release|Any CPU
		{C1D1A664-EF37-4F84-888F-8D555F39C189}.Release|iPhoneSimulator.ActiveCfg = Release|Any CPU
		{C1D1A664-EF37-4F84-888F-8D555F39C189}.Release|iPhoneSimulator.Build.0 = Release|Any CPU
		{C1D1A664-EF37-4F84-888F-8D555F39C189}.Release|iPhoneSimulator.Deploy.0 = Release|Any CPU
		{C1D1A664-EF37-4F84-888F-8D555F39C189}.Release|x64.ActiveCfg = Release|Any CPU
		{C1D1A664-EF37-4F84-888F-8D555F39C189}.Release|x64.Build.0 = Release|Any CPU
		{C1D1A664-EF37-4F84-888F-8D555F39C189}.Release|x64.Deploy.0 = Release|Any CPU
		{C1D1A664-EF37-4F84-888F-8D555F39C189}.Release|x86.ActiveCfg = Release|Any CPU
		{C1D1A664-EF37-4F84-888F-8D555F39C189}.Release|x86.Build.0 = Release|Any CPU
		{C1D1A664-EF37-4F84-888F-8D555F39C189}.Release|x86.Deploy.0 = Release|Any CPU
	EndGlobalSection
	GlobalSection(SolutionProperties) = preSolution
		HideSolutionNode = FALSE
	EndGlobalSection
	GlobalSection(ExtensibilityGlobals) = postSolution
		SolutionGuid = {6C1AD28B-6268-4672-8B6A-CA1960E1E299}
	EndGlobalSection
EndGlobal
